
Microsoft Visual Studio Solution File, Format Version 12.00
# Visual Studio Version 17
VisualStudioVersion = 17.7.34024.191
MinimumVisualStudioVersion = 10.0.40219.1
Project("{FAE04EC0-301F-11D3-BF4B-00C04F79EFBC}") = "Laboratorio1", "Laboratorio1\Laboratorio1.csproj", "{394120C9-E208-44AE-8214-328E6F68F704}"
EndProject
Project("{FAE04EC0-301F-11D3-BF4B-00C04F79EFBC}") = "Laboratorio1.Tests", "Laboratorio1.Tests\Laboratorio1.Tests.csproj", "{3BF8DC7E-7D87-4E67-9236-A4C96B3017BE}"
EndProject
Global
	GlobalSection(SolutionConfigurationPlatforms) = preSolution
		Debug|Any CPU = Debug|Any CPU
		Release|Any CPU = Release|Any CPU
	EndGlobalSection
	GlobalSection(ProjectConfigurationPlatforms) = postSolution
		{394120C9-E208-44AE-8214-328E6F68F704}.Debug|Any CPU.ActiveCfg = Debug|Any CPU
		{394120C9-E208-44AE-8214-328E6F68F704}.Debug|Any CPU.Build.0 = Debug|Any CPU
		{394120C9-E208-44AE-8214-328E6F68F704}.Release|Any CPU.ActiveCfg = Release|Any CPU
		{394120C9-E208-44AE-8214-328E6F68F704}.Release|Any CPU.Build.0 = Release|Any CPU
		{3BF8DC7E-7D87-4E67-9236-A4C96B3017BE}.Debug|Any CPU.ActiveCfg = Debug|Any CPU
		{3BF8DC7E-7D87-4E67-9236-A4C96B3017BE}.Debug|Any CPU.Build.0 = Debug|Any CPU
		{3BF8DC7E-7D87-4E67-9236-A4C96B3017BE}.Release|Any CPU.ActiveCfg = Release|Any CPU
		{3BF8DC7E-7D87-4E67-9236-A4C96B3017BE}.Release|Any CPU.Build.0 = Release|Any CPU
	EndGlobalSection
	GlobalSection(SolutionProperties) = preSolution
		HideSolutionNode = FALSE
	EndGlobalSection
	GlobalSection(ExtensibilityGlobals) = postSolution
		SolutionGuid = {C44F1AED-CCD3-46E9-A35A-2C53BDD5EF64}
	EndGlobalSection
EndGlobal
